
Microsoft Visual Studio Solution File, Format Version 12.00
# Visual Studio 2013
VisualStudioVersion = 12.0.30501.0
MinimumVisualStudioVersion = 10.0.40219.1
Project("{FAE04EC0-301F-11D3-BF4B-00C04F79EFBC}") = "Perigometro.Dominio", "Perigometro.Dominio1\Perigometro.Dominio.csproj", "{3C24E9D5-A99F-4808-8C24-094C03F3039B}"
EndProject
Project("{FAE04EC0-301F-11D3-BF4B-00C04F79EFBC}") = "Perigometro.Web", "WebApplication1\Perigometro.Web.csproj", "{36955A8D-C8E8-4274-BB99-25EE8C7F02E0}"
EndProject
Global
	GlobalSection(SolutionConfigurationPlatforms) = preSolution
		Debug|Any CPU = Debug|Any CPU
		Release|Any CPU = Release|Any CPU
	EndGlobalSection
	GlobalSection(ProjectConfigurationPlatforms) = postSolution
		{3C24E9D5-A99F-4808-8C24-094C03F3039B}.Debug|Any CPU.ActiveCfg = Debug|Any CPU
		{3C24E9D5-A99F-4808-8C24-094C03F3039B}.Debug|Any CPU.Build.0 = Debug|Any CPU
		{3C24E9D5-A99F-4808-8C24-094C03F3039B}.Release|Any CPU.ActiveCfg = Release|Any CPU
		{3C24E9D5-A99F-4808-8C24-094C03F3039B}.Release|Any CPU.Build.0 = Release|Any CPU
		{36955A8D-C8E8-4274-BB99-25EE8C7F02E0}.Debug|Any CPU.ActiveCfg = Debug|Any CPU
		{36955A8D-C8E8-4274-BB99-25EE8C7F02E0}.Debug|Any CPU.Build.0 = Debug|Any CPU
		{36955A8D-C8E8-4274-BB99-25EE8C7F02E0}.Release|Any CPU.ActiveCfg = Release|Any CPU
		{36955A8D-C8E8-4274-BB99-25EE8C7F02E0}.Release|Any CPU.Build.0 = Release|Any CPU
	EndGlobalSection
	GlobalSection(SolutionProperties) = preSolution
		HideSolutionNode = FALSE
	EndGlobalSection
EndGlobal
